// !$*UTF8*$!
{
	archiveVersion = 1;
	classes = {
	};
	objectVersion = 48;
	objects = {

/* Begin PBXBuildFile section */
		9E050FD82022440100B110AD /* Runner.cpp in Sources */ = {isa = PBXBuildFile; fileRef = 9E050FD72022440100B110AD /* Runner.cpp */; };
		9E050FDC202244AA00B110AD /* Controller.cpp in Sources */ = {isa = PBXBuildFile; fileRef = 9E050FDA202244AA00B110AD /* Controller.cpp */; };
		9E050FE02022471200B110AD /* Timer.cpp in Sources */ = {isa = PBXBuildFile; fileRef = 9E050FDE2022471200B110AD /* Timer.cpp */; };
		9E050FE320224D3B00B110AD /* FileController.cpp in Sources */ = {isa = PBXBuildFile; fileRef = 9E050FE120224D3B00B110AD /* FileController.cpp */; };
		9E050FE8202254FC00B110AD /* CrimeData.cpp in Sources */ = {isa = PBXBuildFile; fileRef = 9E050FE620224E1400B110AD /* CrimeData.cpp */; };
		9E1F66A3205AE97B00DC3DD2 /* SortingTester.cpp in Sources */ = {isa = PBXBuildFile; fileRef = 9E1F66A1205AE97B00DC3DD2 /* SortingTester.cpp */; };
		9E65A9C5202A33B400ABC4EE /* ArrayTester.cpp in Sources */ = {isa = PBXBuildFile; fileRef = 9E65A9C3202A33B400ABC4EE /* ArrayTester.cpp */; };
		9E855F762044931E00549650 /* TestingStacksAndQueues.cpp in Sources */ = {isa = PBXBuildFile; fileRef = 9E855F742044931E00549650 /* TestingStacksAndQueues.cpp */; };
		9ED62B47204DC54C0013D7AC /* RecursionTester.cpp in Sources */ = {isa = PBXBuildFile; fileRef = 9ED62B45204DC54C0013D7AC /* RecursionTester.cpp */; };
		9EE2396B2034C69A00D15726 /* LinkedListTester.cpp in Sources */ = {isa = PBXBuildFile; fileRef = 9EE239692034C69A00D15726 /* LinkedListTester.cpp */; };
/* End PBXBuildFile section */

/* Begin PBXCopyFilesBuildPhase section */
		9E050FCB2022435600B110AD /* CopyFiles */ = {
			isa = PBXCopyFilesBuildPhase;
			buildActionMask = 2147483647;
			dstPath = /usr/share/man/man1/;
			dstSubfolderSpec = 0;
			files = (
			);
			runOnlyForDeploymentPostprocessing = 1;
		};
/* End PBXCopyFilesBuildPhase section */

/* Begin PBXFileReference section */
		9E050FCD2022435600B110AD /* DataStructureProject */ = {isa = PBXFileReference; explicitFileType = "compiled.mach-o.executable"; includeInIndex = 0; path = DataStructureProject; sourceTree = BUILT_PRODUCTS_DIR; };
		9E050FD72022440100B110AD /* Runner.cpp */ = {isa = PBXFileReference; lastKnownFileType = sourcecode.cpp.cpp; path = Runner.cpp; sourceTree = "<group>"; };
		9E050FDA202244AA00B110AD /* Controller.cpp */ = {isa = PBXFileReference; lastKnownFileType = sourcecode.cpp.cpp; path = Controller.cpp; sourceTree = "<group>"; };
		9E050FDB202244AA00B110AD /* Controller.hpp */ = {isa = PBXFileReference; lastKnownFileType = sourcecode.cpp.h; path = Controller.hpp; sourceTree = "<group>"; };
		9E050FDE2022471200B110AD /* Timer.cpp */ = {isa = PBXFileReference; lastKnownFileType = sourcecode.cpp.cpp; path = Timer.cpp; sourceTree = "<group>"; };
		9E050FDF2022471200B110AD /* Timer.hpp */ = {isa = PBXFileReference; lastKnownFileType = sourcecode.cpp.h; path = Timer.hpp; sourceTree = "<group>"; };
		9E050FE120224D3B00B110AD /* FileController.cpp */ = {isa = PBXFileReference; lastKnownFileType = sourcecode.cpp.cpp; path = FileController.cpp; sourceTree = "<group>"; };
		9E050FE220224D3B00B110AD /* FileController.hpp */ = {isa = PBXFileReference; lastKnownFileType = sourcecode.cpp.h; path = FileController.hpp; sourceTree = "<group>"; };
		9E050FE520224DF300B110AD /* CrimeData.hpp */ = {isa = PBXFileReference; lastKnownFileType = sourcecode.cpp.h; path = CrimeData.hpp; sourceTree = "<group>"; };
		9E050FE620224E1400B110AD /* CrimeData.cpp */ = {isa = PBXFileReference; lastKnownFileType = sourcecode.cpp.cpp; path = CrimeData.cpp; sourceTree = "<group>"; };
		9E050FE720224E3500B110AD /* crime.csv */ = {isa = PBXFileReference; lastKnownFileType = text; path = crime.csv; sourceTree = "<group>"; };
		9E1F66A1205AE97B00DC3DD2 /* SortingTester.cpp */ = {isa = PBXFileReference; lastKnownFileType = sourcecode.cpp.cpp; path = SortingTester.cpp; sourceTree = "<group>"; };
		9E1F66A2205AE97B00DC3DD2 /* SortingTester.hpp */ = {isa = PBXFileReference; lastKnownFileType = sourcecode.cpp.h; path = SortingTester.hpp; sourceTree = "<group>"; };
		9E457093202CD9310074B478 /* dataStructureUMLET.uxf */ = {isa = PBXFileReference; fileEncoding = 4; lastKnownFileType = text.xml; path = dataStructureUMLET.uxf; sourceTree = "<group>"; };
		9E457095202CE1A80074B478 /* List.hpp */ = {isa = PBXFileReference; lastKnownFileType = sourcecode.cpp.h; path = List.hpp; sourceTree = "<group>"; };
		9E65A9C3202A33B400ABC4EE /* ArrayTester.cpp */ = {isa = PBXFileReference; lastKnownFileType = sourcecode.cpp.cpp; path = ArrayTester.cpp; sourceTree = "<group>"; };
		9E65A9C4202A33B400ABC4EE /* ArrayTester.hpp */ = {isa = PBXFileReference; lastKnownFileType = sourcecode.cpp.h; path = ArrayTester.hpp; sourceTree = "<group>"; };
		9E65A9C8202A415D00ABC4EE /* Node.hpp */ = {isa = PBXFileReference; lastKnownFileType = sourcecode.cpp.h; path = Node.hpp; sourceTree = "<group>"; };
		9E65A9CB202A46E600ABC4EE /* LinearNode.hpp */ = {isa = PBXFileReference; lastKnownFileType = sourcecode.cpp.h; path = LinearNode.hpp; sourceTree = "<group>"; };
		9E855F7220448F3500549650 /* DoubleNode.hpp */ = {isa = PBXFileReference; lastKnownFileType = sourcecode.cpp.h; path = DoubleNode.hpp; sourceTree = "<group>"; };
		9E855F742044931E00549650 /* TestingStacksAndQueues.cpp */ = {isa = PBXFileReference; lastKnownFileType = sourcecode.cpp.cpp; path = TestingStacksAndQueues.cpp; sourceTree = "<group>"; };
		9E855F752044931E00549650 /* TestingStacksAndQueues.hpp */ = {isa = PBXFileReference; lastKnownFileType = sourcecode.cpp.h; path = TestingStacksAndQueues.hpp; sourceTree = "<group>"; };
		9E855F7820449FB000549650 /* CircularList.hpp */ = {isa = PBXFileReference; lastKnownFileType = sourcecode.cpp.h; path = CircularList.hpp; sourceTree = "<group>"; };
		9ECD48302024EE1400393F74 /* Array.h */ = {isa = PBXFileReference; lastKnownFileType = sourcecode.c.h; path = Array.h; sourceTree = "<group>"; };
		9ED62B45204DC54C0013D7AC /* RecursionTester.cpp */ = {isa = PBXFileReference; lastKnownFileType = sourcecode.cpp.cpp; path = RecursionTester.cpp; sourceTree = "<group>"; };
		9ED62B46204DC54C0013D7AC /* RecursionTester.hpp */ = {isa = PBXFileReference; lastKnownFileType = sourcecode.cpp.h; path = RecursionTester.hpp; sourceTree = "<group>"; };
		9EE239672034B93F00D15726 /* LinkedList.hpp */ = {isa = PBXFileReference; lastKnownFileType = sourcecode.cpp.h; path = LinkedList.hpp; sourceTree = "<group>"; };
		9EE239692034C69A00D15726 /* LinkedListTester.cpp */ = {isa = PBXFileReference; lastKnownFileType = sourcecode.cpp.cpp; path = LinkedListTester.cpp; sourceTree = "<group>"; };
		9EE2396A2034C69A00D15726 /* LinkedListTester.hpp */ = {isa = PBXFileReference; lastKnownFileType = sourcecode.cpp.h; path = LinkedListTester.hpp; sourceTree = "<group>"; };
		9EF348AB2060363E004C3625 /* Graph.hpp */ = {isa = PBXFileReference; lastKnownFileType = sourcecode.cpp.h; path = Graph.hpp; sourceTree = "<group>"; };
		9EFEFB9E203F499400753312 /* Stack.hpp */ = {isa = PBXFileReference; lastKnownFileType = sourcecode.cpp.h; path = Stack.hpp; sourceTree = "<group>"; };
		9EFEFBA1203F4E9200753312 /* Queue.hpp */ = {isa = PBXFileReference; lastKnownFileType = sourcecode.cpp.h; path = Queue.hpp; sourceTree = "<group>"; };
/* End PBXFileReference section */

/* Begin PBXFrameworksBuildPhase section */
		9E050FCA2022435600B110AD /* Frameworks */ = {
			isa = PBXFrameworksBuildPhase;
			buildActionMask = 2147483647;
			files = (
			);
			runOnlyForDeploymentPostprocessing = 0;
		};
/* End PBXFrameworksBuildPhase section */

/* Begin PBXGroup section */
		9E050FC42022435600B110AD = {
			isa = PBXGroup;
			children = (
				9E050FCF2022435600B110AD /* DataStructureProject */,
				9E050FCE2022435600B110AD /* Products */,
			);
			sourceTree = "<group>";
		};
		9E050FCE2022435600B110AD /* Products */ = {
			isa = PBXGroup;
			children = (
				9E050FCD2022435600B110AD /* DataStructureProject */,
			);
			name = Products;
			sourceTree = "<group>";
		};
		9E050FCF2022435600B110AD /* DataStructureProject */ = {
			isa = PBXGroup;
			children = (
				9E457093202CD9310074B478 /* dataStructureUMLET.uxf */,
				9E65A9C2202A338E00ABC4EE /* Testers */,
				9E050FD72022440100B110AD /* Runner.cpp */,
				9E050FD92022443400B110AD /* Controller */,
				9E050FE420224DB700B110AD /* Data */,
				9ECD482E2024EDCC00393F74 /* Model */,
			);
			path = DataStructureProject;
			sourceTree = "<group>";
		};
		9E050FD92022443400B110AD /* Controller */ = {
			isa = PBXGroup;
			children = (
				9E050FDD202246D000B110AD /* Tools */,
				9E050FDA202244AA00B110AD /* Controller.cpp */,
				9E050FDB202244AA00B110AD /* Controller.hpp */,
				9E050FE120224D3B00B110AD /* FileController.cpp */,
				9E050FE220224D3B00B110AD /* FileController.hpp */,
			);
			path = Controller;
			sourceTree = "<group>";
		};
		9E050FDD202246D000B110AD /* Tools */ = {
			isa = PBXGroup;
			children = (
				9E050FDE2022471200B110AD /* Timer.cpp */,
				9E050FDF2022471200B110AD /* Timer.hpp */,
			);
			path = Tools;
			sourceTree = "<group>";
		};
		9E050FE420224DB700B110AD /* Data */ = {
			isa = PBXGroup;
			children = (
				9E050FE520224DF300B110AD /* CrimeData.hpp */,
				9E050FE620224E1400B110AD /* CrimeData.cpp */,
				9E050FE720224E3500B110AD /* crime.csv */,
			);
			path = Data;
			sourceTree = "<group>";
		};
		9E65A9C2202A338E00ABC4EE /* Testers */ = {
			isa = PBXGroup;
			children = (
				9E65A9C3202A33B400ABC4EE /* ArrayTester.cpp */,
				9E65A9C4202A33B400ABC4EE /* ArrayTester.hpp */,
				9EE239692034C69A00D15726 /* LinkedListTester.cpp */,
				9EE2396A2034C69A00D15726 /* LinkedListTester.hpp */,
				9E855F742044931E00549650 /* TestingStacksAndQueues.cpp */,
				9E855F752044931E00549650 /* TestingStacksAndQueues.hpp */,
				9ED62B45204DC54C0013D7AC /* RecursionTester.cpp */,
				9ED62B46204DC54C0013D7AC /* RecursionTester.hpp */,
				9E1F66A1205AE97B00DC3DD2 /* SortingTester.cpp */,
				9E1F66A2205AE97B00DC3DD2 /* SortingTester.hpp */,
			);
			path = Testers;
			sourceTree = "<group>";
		};
		9E65A9C6202A412D00ABC4EE /* Nodes */ = {
			isa = PBXGroup;
			children = (
				9E65A9C8202A415D00ABC4EE /* Node.hpp */,
				9E65A9CB202A46E600ABC4EE /* LinearNode.hpp */,
				9E855F7220448F3500549650 /* DoubleNode.hpp */,
			);
			path = Nodes;
			sourceTree = "<group>";
		};
		9ECD482E2024EDCC00393F74 /* Model */ = {
			isa = PBXGroup;
			children = (
				9E65A9C6202A412D00ABC4EE /* Nodes */,
				9ECD482F2024EDF800393F74 /* Structures */,
			);
			path = Model;
			sourceTree = "<group>";
		};
		9ECD482F2024EDF800393F74 /* Structures */ = {
			isa = PBXGroup;
			children = (
				9EF348A920603610004C3625 /* NonLinear */,
				9EFEFB9C203F486A00753312 /* Linear */,
			);
			path = Structures;
			sourceTree = "<group>";
		};
		9EF348A920603610004C3625 /* NonLinear */ = {
			isa = PBXGroup;
			children = (
				9EF348AB2060363E004C3625 /* Graph.hpp */,
			);
			path = NonLinear;
			sourceTree = "<group>";
		};
		9EFEFB9C203F486A00753312 /* Linear */ = {
			isa = PBXGroup;
			children = (
				9EE239672034B93F00D15726 /* LinkedList.hpp */,
				9E457095202CE1A80074B478 /* List.hpp */,
				9ECD48302024EE1400393F74 /* Array.h */,
				9EFEFB9E203F499400753312 /* Stack.hpp */,
				9EFEFBA1203F4E9200753312 /* Queue.hpp */,
				9E855F7820449FB000549650 /* CircularList.hpp */,
			);
			path = Linear;
			sourceTree = "<group>";
		};
/* End PBXGroup section */

/* Begin PBXNativeTarget section */
		9E050FCC2022435600B110AD /* DataStructureProject */ = {
			isa = PBXNativeTarget;
			buildConfigurationList = 9E050FD42022435600B110AD /* Build configuration list for PBXNativeTarget "DataStructureProject" */;
			buildPhases = (
				9E050FC92022435600B110AD /* Sources */,
				9E050FCA2022435600B110AD /* Frameworks */,
				9E050FCB2022435600B110AD /* CopyFiles */,
			);
			buildRules = (
			);
			dependencies = (
			);
			name = DataStructureProject;
			productName = DataStructureProject;
			productReference = 9E050FCD2022435600B110AD /* DataStructureProject */;
			productType = "com.apple.product-type.tool";
		};
/* End PBXNativeTarget section */

/* Begin PBXProject section */
		9E050FC52022435600B110AD /* Project object */ = {
			isa = PBXProject;
			attributes = {
				LastUpgradeCheck = 0900;
				ORGANIZATIONNAME = CTEC;
				TargetAttributes = {
					9E050FCC2022435600B110AD = {
						CreatedOnToolsVersion = 9.0;
						ProvisioningStyle = Automatic;
					};
				};
			};
			buildConfigurationList = 9E050FC82022435600B110AD /* Build configuration list for PBXProject "DataStructureProject" */;
			compatibilityVersion = "Xcode 8.0";
			developmentRegion = en;
			hasScannedForEncodings = 0;
			knownRegions = (
				en,
			);
			mainGroup = 9E050FC42022435600B110AD;
			productRefGroup = 9E050FCE2022435600B110AD /* Products */;
			projectDirPath = "";
			projectRoot = "";
			targets = (
				9E050FCC2022435600B110AD /* DataStructureProject */,
			);
		};
/* End PBXProject section */

/* Begin PBXSourcesBuildPhase section */
		9E050FC92022435600B110AD /* Sources */ = {
			isa = PBXSourcesBuildPhase;
			buildActionMask = 2147483647;
			files = (
				9ED62B47204DC54C0013D7AC /* RecursionTester.cpp in Sources */,
				9E050FE02022471200B110AD /* Timer.cpp in Sources */,
				9E050FE8202254FC00B110AD /* CrimeData.cpp in Sources */,
				9E050FD82022440100B110AD /* Runner.cpp in Sources */,
				9E050FDC202244AA00B110AD /* Controller.cpp in Sources */,
				9E1F66A3205AE97B00DC3DD2 /* SortingTester.cpp in Sources */,
				9EE2396B2034C69A00D15726 /* LinkedListTester.cpp in Sources */,
				9E855F762044931E00549650 /* TestingStacksAndQueues.cpp in Sources */,
				9E65A9C5202A33B400ABC4EE /* ArrayTester.cpp in Sources */,
				9E050FE320224D3B00B110AD /* FileController.cpp in Sources */,
			);
			runOnlyForDeploymentPostprocessing = 0;
		};
/* End PBXSourcesBuildPhase section */

/* Begin XCBuildConfiguration section */
		9E050FD22022435600B110AD /* Debug */ = {
			isa = XCBuildConfiguration;
			buildSettings = {
				ALWAYS_SEARCH_USER_PATHS = NO;
				CLANG_ANALYZER_NONNULL = YES;
				CLANG_ANALYZER_NUMBER_OBJECT_CONVERSION = YES_AGGRESSIVE;
				CLANG_CXX_LANGUAGE_STANDARD = "gnu++14";
				CLANG_CXX_LIBRARY = "libc++";
				CLANG_ENABLE_MODULES = YES;
				CLANG_ENABLE_OBJC_ARC = YES;
				CLANG_WARN_BLOCK_CAPTURE_AUTORELEASING = YES;
				CLANG_WARN_BOOL_CONVERSION = YES;
				CLANG_WARN_COMMA = YES;
				CLANG_WARN_CONSTANT_CONVERSION = YES;
				CLANG_WARN_DIRECT_OBJC_ISA_USAGE = YES_ERROR;
				CLANG_WARN_DOCUMENTATION_COMMENTS = YES;
				CLANG_WARN_EMPTY_BODY = YES;
				CLANG_WARN_ENUM_CONVERSION = YES;
				CLANG_WARN_INFINITE_RECURSION = YES;
				CLANG_WARN_INT_CONVERSION = YES;
				CLANG_WARN_NON_LITERAL_NULL_CONVERSION = YES;
				CLANG_WARN_OBJC_LITERAL_CONVERSION = YES;
				CLANG_WARN_OBJC_ROOT_CLASS = YES_ERROR;
				CLANG_WARN_RANGE_LOOP_ANALYSIS = YES;
				CLANG_WARN_STRICT_PROTOTYPES = YES;
				CLANG_WARN_SUSPICIOUS_MOVE = YES;
				CLANG_WARN_UNGUARDED_AVAILABILITY = YES_AGGRESSIVE;
				CLANG_WARN_UNREACHABLE_CODE = YES;
				CLANG_WARN__DUPLICATE_METHOD_MATCH = YES;
				CODE_SIGN_IDENTITY = "Mac Developer";
				COPY_PHASE_STRIP = NO;
				DEBUG_INFORMATION_FORMAT = dwarf;
				ENABLE_STRICT_OBJC_MSGSEND = YES;
				ENABLE_TESTABILITY = YES;
				GCC_C_LANGUAGE_STANDARD = gnu11;
				GCC_DYNAMIC_NO_PIC = NO;
				GCC_NO_COMMON_BLOCKS = YES;
				GCC_OPTIMIZATION_LEVEL = 0;
				GCC_PREPROCESSOR_DEFINITIONS = (
					"DEBUG=1",
					"$(inherited)",
				);
				GCC_WARN_64_TO_32_BIT_CONVERSION = YES;
				GCC_WARN_ABOUT_RETURN_TYPE = YES_ERROR;
				GCC_WARN_UNDECLARED_SELECTOR = YES;
				GCC_WARN_UNINITIALIZED_AUTOS = YES_AGGRESSIVE;
				GCC_WARN_UNUSED_FUNCTION = YES;
				GCC_WARN_UNUSED_VARIABLE = YES;
				MACOSX_DEPLOYMENT_TARGET = 10.12;
				MTL_ENABLE_DEBUG_INFO = YES;
				ONLY_ACTIVE_ARCH = YES;
				SDKROOT = macosx;
			};
			name = Debug;
		};
		9E050FD32022435600B110AD /* Release */ = {
			isa = XCBuildConfiguration;
			buildSettings = {
				ALWAYS_SEARCH_USER_PATHS = NO;
				CLANG_ANALYZER_NONNULL = YES;
				CLANG_ANALYZER_NUMBER_OBJECT_CONVERSION = YES_AGGRESSIVE;
				CLANG_CXX_LANGUAGE_STANDARD = "gnu++14";
				CLANG_CXX_LIBRARY = "libc++";
				CLANG_ENABLE_MODULES = YES;
				CLANG_ENABLE_OBJC_ARC = YES;
				CLANG_WARN_BLOCK_CAPTURE_AUTORELEASING = YES;
				CLANG_WARN_BOOL_CONVERSION = YES;
				CLANG_WARN_COMMA = YES;
				CLANG_WARN_CONSTANT_CONVERSION = YES;
				CLANG_WARN_DIRECT_OBJC_ISA_USAGE = YES_ERROR;
				CLANG_WARN_DOCUMENTATION_COMMENTS = YES;
				CLANG_WARN_EMPTY_BODY = YES;
				CLANG_WARN_ENUM_CONVERSION = YES;
				CLANG_WARN_INFINITE_RECURSION = YES;
				CLANG_WARN_INT_CONVERSION = YES;
				CLANG_WARN_NON_LITERAL_NULL_CONVERSION = YES;
				CLANG_WARN_OBJC_LITERAL_CONVERSION = YES;
				CLANG_WARN_OBJC_ROOT_CLASS = YES_ERROR;
				CLANG_WARN_RANGE_LOOP_ANALYSIS = YES;
				CLANG_WARN_STRICT_PROTOTYPES = YES;
				CLANG_WARN_SUSPICIOUS_MOVE = YES;
				CLANG_WARN_UNGUARDED_AVAILABILITY = YES_AGGRESSIVE;
				CLANG_WARN_UNREACHABLE_CODE = YES;
				CLANG_WARN__DUPLICATE_METHOD_MATCH = YES;
				CODE_SIGN_IDENTITY = "Mac Developer";
				COPY_PHASE_STRIP = NO;
				DEBUG_INFORMATION_FORMAT = "dwarf-with-dsym";
				ENABLE_NS_ASSERTIONS = NO;
				ENABLE_STRICT_OBJC_MSGSEND = YES;
				GCC_C_LANGUAGE_STANDARD = gnu11;
				GCC_NO_COMMON_BLOCKS = YES;
				GCC_WARN_64_TO_32_BIT_CONVERSION = YES;
				GCC_WARN_ABOUT_RETURN_TYPE = YES_ERROR;
				GCC_WARN_UNDECLARED_SELECTOR = YES;
				GCC_WARN_UNINITIALIZED_AUTOS = YES_AGGRESSIVE;
				GCC_WARN_UNUSED_FUNCTION = YES;
				GCC_WARN_UNUSED_VARIABLE = YES;
				MACOSX_DEPLOYMENT_TARGET = 10.12;
				MTL_ENABLE_DEBUG_INFO = NO;
				SDKROOT = macosx;
			};
			name = Release;
		};
		9E050FD52022435600B110AD /* Debug */ = {
			isa = XCBuildConfiguration;
			buildSettings = {
				CODE_SIGN_STYLE = Automatic;
				DEVELOPMENT_TEAM = 98LJQN23KF;
				PRODUCT_NAME = "$(TARGET_NAME)";
			};
			name = Debug;
		};
		9E050FD62022435600B110AD /* Release */ = {
			isa = XCBuildConfiguration;
			buildSettings = {
				CODE_SIGN_STYLE = Automatic;
				DEVELOPMENT_TEAM = 98LJQN23KF;
				PRODUCT_NAME = "$(TARGET_NAME)";
			};
			name = Release;
		};
/* End XCBuildConfiguration section */

/* Begin XCConfigurationList section */
		9E050FC82022435600B110AD /* Build configuration list for PBXProject "DataStructureProject" */ = {
			isa = XCConfigurationList;
			buildConfigurations = (
				9E050FD22022435600B110AD /* Debug */,
				9E050FD32022435600B110AD /* Release */,
			);
			defaultConfigurationIsVisible = 0;
			defaultConfigurationName = Release;
		};
		9E050FD42022435600B110AD /* Build configuration list for PBXNativeTarget "DataStructureProject" */ = {
			isa = XCConfigurationList;
			buildConfigurations = (
				9E050FD52022435600B110AD /* Debug */,
				9E050FD62022435600B110AD /* Release */,
			);
			defaultConfigurationIsVisible = 0;
			defaultConfigurationName = Release;
		};
/* End XCConfigurationList section */
	};
	rootObject = 9E050FC52022435600B110AD /* Project object */;
}
